<?xml version="1.0" encoding="utf-8"?>
<Project ToolsVersion="4.0" xmlns="http://schemas.microsoft.com/developer/msbuild/2003">
  <ItemGroup>
    <Filter Include="Source Files">
      <UniqueIdentifier>{4FC737F1-C7A5-4376-A066-2A32D752A2FF}</UniqueIdentifier>
      <Extensions>cpp;c;cc;cxx;c++;cppm;ixx;def;odl;idl;hpj;bat;asm;asmx</Extensions>
    </Filter>
    <Filter Include="Header Files">
      <UniqueIdentifier>{93995380-89BD-4b04-88EB-625FBE52EBFB}</UniqueIdentifier>
      <Extensions>h;hh;hpp;hxx;h++;hm;inl;inc;ipp;xsd</Extensions>
    </Filter>
    <Filter Include="Resource Files">
      <UniqueIdentifier>{67DA6AB6-F800-4c08-8B7A-83BB121AAD01}</UniqueIdentifier>
      <Extensions>rc;ico;cur;bmp;dlg;rc2;rct;bin;rgs;gif;jpg;jpeg;jpe;resx;tiff;tif;png;wav;mfcribbon-ms</Extensions>
    </Filter>
  </ItemGroup>
  <ItemGroup>
    <ClCompile Include="Listener.cpp">
      <Filter>Source Files</Filter>
    </ClCompile>
    <ClCompile Include="ClipboardActivityStore.cpp">
      <Filter>Source Files</Filter>
    </ClCompile>
    <ClCompile Include="ClipboardHashGuard.cpp">
      <Filter>Source Files</Filter>
    </ClCompile>
    <ClCompile Include="ClipboardWire.cpp">
      <Filter>Source Files</Filter>
    </ClCompile>
    <ClCompile Include="Settings.cpp">
      <Filter>Source Files</Filter>
    </ClCompile>
    <ClCompile Include="MDNSProtocol.cpp">
      <Filter>Source Files</Filter>
    </ClCompile>
    <ClCompile Include="MDNSDiscovery_Win32.cpp">
      <Filter>Source Files</Filter>
    </ClCompile>
    <ClCompile Include="KeyManager.cpp">
      <Filter>Source Files</Filter>
    </ClCompile>
    <ClCompile Include="CryptoChannel.cpp">
      <Filter>Source Files</Filter>
    </ClCompile>
    <ClCompile Include="platform\win32\Clipboard.cpp">
      <Filter>Source Files</Filter>
    </ClCompile>
    <ClCompile Include="platform\win32\AutoStart.cpp">
      <Filter>Source Files</Filter>
    </ClCompile>
    <ClCompile Include="Logger.cpp">
      <Filter>Source Files</Filter>
    </ClCompile>
    <ClCompile Include="Peer.cpp">
      <Filter>Source Files</Filter>
    </ClCompile>
    <ClCompile Include="PeerDisplay.cpp">
      <Filter>Source Files</Filter>
    </ClCompile>
    <ClCompile Include="PeerManager.cpp">
      <Filter>Source Files</Filter>
    </ClCompile>
    <ClCompile Include="main.cpp">
      <Filter>Source Files</Filter>
    </ClCompile>
    <ClCompile Include="NetworkRuntime.cpp">
      <Filter>Source Files</Filter>
    </ClCompile>
    <ClCompile Include="platform\win32\Settings.cpp">
      <Filter>Source Files</Filter>
    </ClCompile>
    <ClCompile Include="platform\win32\NetworkItem.cpp">
      <Filter>Source Files</Filter>
    </ClCompile>
    <ClCompile Include="platform\win32\NetworkView.cpp">
      <Filter>Source Files</Filter>
    </ClCompile>
    <ClCompile Include="platform\win32\NetworkPage.cpp">
      <Filter>Source Files</Filter>
    </ClCompile>
    <ClCompile Include="platform\win32\SettingsPage.cpp">
      <Filter>Source Files</Filter>
    </ClCompile>
    <ClCompile Include="platform\win32\TerminalLogView.cpp">
      <Filter>Source Files</Filter>
    </ClCompile>
    <ClCompile Include="platform\win32\ClippPage.cpp">
      <Filter>Source Files</Filter>
    </ClCompile>
    <ClCompile Include="platform\win32\LogsPage.cpp">
      <Filter>Source Files</Filter>
    </ClCompile>
    <ClCompile Include="platform\win32\AboutPage.cpp">
      <Filter>Source Files</Filter>
    </ClCompile>
    <ClCompile Include="platform\win32\tray.cpp">
      <Filter>Source Files</Filter>
    </ClCompile>
    <ClCompile Include="platform\win32\xaml_dialog.cpp">
      <Filter>Source Files</Filter>
    </ClCompile>
  </ItemGroup>
  <ItemGroup>
    <ClInclude Include="Listener.h">
      <Filter>Header Files</Filter>
    </ClInclude>
    <ClInclude Include="Settings.h">
      <Filter>Header Files</Filter>
    </ClInclude>
    <ClInclude Include="MDNSDiscovery.h">
      <Filter>Header Files</Filter>
    </ClInclude>
    <ClInclude Include="MDNSProtocol.h">
      <Filter>Header Files</Filter>
    </ClInclude>
    <ClInclude Include="OsType.h">
      <Filter>Header Files</Filter>
    </ClInclude>
    <ClInclude Include="KeyManager.h">
      <Filter>Header Files</Filter>
    </ClInclude>
    <ClInclude Include="NetworkDefs.h">
      <Filter>Header Files</Filter>
    </ClInclude>
    <ClInclude Include="NetworkRuntime.h">
      <Filter>Header Files</Filter>
    </ClInclude>
    <ClInclude Include="BlockingQueue.h">
      <Filter>Header Files</Filter>
    </ClInclude>
    <ClInclude Include="ClipboardActivityStore.h">
      <Filter>Header Files</Filter>
    </ClInclude>
    <ClInclude Include="ClipboardHashGuard.h">
      <Filter>Header Files</Filter>
    </ClInclude>
    <ClInclude Include="ClipboardPayload.h">
      <Filter>Header Files</Filter>
    </ClInclude>
    <ClInclude Include="ClipboardFormat.h">
      <Filter>Header Files</Filter>
    </ClInclude>
    <ClInclude Include="ClipboardWire.h">
      <Filter>Header Files</Filter>
    </ClInclude>
    <ClInclude Include="CryptoChannel.h">
      <Filter>Header Files</Filter>
    </ClInclude>
    <ClInclude Include="platform.h">
      <Filter>Header Files</Filter>
    </ClInclude>
    <ClInclude Include="platform\win32\AutoStart.h">
      <Filter>Header Files</Filter>
    </ClInclude>
    <ClInclude Include="platform\win32\xaml_dialog.h">
      <Filter>Header Files</Filter>
    </ClInclude>
    <ClInclude Include="Logger.h">
      <Filter>Header Files</Filter>
    </ClInclude>
    <ClInclude Include="Peer.h">
      <Filter>Header Files</Filter>
    </ClInclude>
    <ClInclude Include="PeerDisplay.h">
      <Filter>Header Files</Filter>
    </ClInclude>
    <ClInclude Include="PeerManager.h">
      <Filter>Header Files</Filter>
    </ClInclude>
    <ClInclude Include="utils.h">
      <Filter>Header Files</Filter>
    </ClInclude>
    <ClInclude Include="ScopedTimer.h">
      <Filter>Header Files</Filter>
    </ClInclude>
    <ClInclude Include="resource.h">
      <Filter>Header Files</Filter>
    </ClInclude>
    <ClInclude Include="platform\uiClippPage.h">
      <Filter>Header Files</Filter>
    </ClInclude>
    <ClInclude Include="platform\uiSettingsPage.h">
      <Filter>Header Files</Filter>
    </ClInclude>
    <ClInclude Include="platform\win32\NetworkItem.h">
      <Filter>Header Files</Filter>
    </ClInclude>
    <ClInclude Include="platform\win32\NetworkView.h">
      <Filter>Header Files</Filter>
    </ClInclude>
    <ClInclude Include="platform\win32\NetworkPage.h">
      <Filter>Header Files</Filter>
    </ClInclude>
    <ClInclude Include="platform\win32\SettingsPage.h">
      <Filter>Header Files</Filter>
    </ClInclude>
    <ClInclude Include="platform\win32\TerminalLogView.h">
      <Filter>Header Files</Filter>
    </ClInclude>
    <ClInclude Include="platform\win32\ClippPage.h">
      <Filter>Header Files</Filter>
    </ClInclude>
    <ClInclude Include="platform\win32\LogsPage.h">
      <Filter>Header Files</Filter>
    </ClInclude>
    <ClInclude Include="platform\win32\AboutPage.h">
      <Filter>Header Files</Filter>
    </ClInclude>
    <ClInclude Include="utils_socket.h">
      <Filter>Header Files</Filter>
    </ClInclude>
    <ClInclude Include="HostId.h">
      <Filter>Header Files</Filter>
    </ClInclude>
  </ItemGroup>
  <ItemGroup>
    <ResourceCompile Include="clipp-win32.rc">
      <Filter>Resource Files</Filter>
    </ResourceCompile>
  </ItemGroup>
  <ItemGroup>
    <Manifest Include="clipp-win32.exe.manifest">
      <Filter>Resource Files</Filter>
    </Manifest>
  </ItemGroup>
</Project>
